Microsoft Visual Studio Solution File, Format Version 11.00
# Visual Studio 2008

Project("{3532AA66-46D9-1DBF-53F6-BF6F3623B6E0}") = "GameAILabTest1", "Assembly-CSharp-vs.csproj", "{E29B3DE0-A541-EFE6-8D77-B16B28E6A4FE}"
EndProject
Global
	GlobalSection(SolutionConfigurationPlatforms) = preSolution
		Debug|Any CPU = Debug|Any CPU
		Release|Any CPU = Release|Any CPU
	EndGlobalSection
	GlobalSection(ProjectConfigurationPlatforms) = postSolution
		{E29B3DE0-A541-EFE6-8D77-B16B28E6A4FE}.Debug|Any CPU.ActiveCfg = Debug|Any CPU
		{E29B3DE0-A541-EFE6-8D77-B16B28E6A4FE}.Debug|Any CPU.Build.0 = Debug|Any CPU
		{E29B3DE0-A541-EFE6-8D77-B16B28E6A4FE}.Release|Any CPU.ActiveCfg = Release|Any CPU
		{E29B3DE0-A541-EFE6-8D77-B16B28E6A4FE}.Release|Any CPU.Build.0 = Release|Any CPU
	EndGlobalSection
	GlobalSection(SolutionProperties) = preSolution
		HideSolutionNode = FALSE
	EndGlobalSection
					GlobalSection(MonoDevelopProperties) = preSolution
		StartupItem = Assembly-CSharp.csproj
		Policies = $0
		$0.TextStylePolicy = $1
		$1.inheritsSet = null
		$1.scope = text/x-csharp
		$0.CSharpFormattingPolicy = $2
		$2.inheritsSet = Mono
		$2.inheritsScope = text/x-csharp
		$2.scope = text/x-csharp
		$0.TextStylePolicy = $3
		$3.FileWidth = 120
		$3.TabWidth = 4
		$3.EolMarker = Unix
		$3.inheritsSet = Mono
		$3.inheritsScope = text/plain
		$3.scope = text/plain
	EndGlobalSection

EndGlobal
